
Microsoft Visual Studio Solution File, Format Version 12.00
# Visual Studio Version 16
VisualStudioVersion = 16.0.31424.327
MinimumVisualStudioVersion = 10.0.40219.1
Project("{FAE04EC0-301F-11D3-BF4B-00C04F79EFBC}") = "HyperNovaLabs.Api", "HyperNovaLabs.Api\HyperNovaLabs.Api.csproj", "{81ED44BB-40DF-4C0C-A1E8-0D86F69B9321}"
EndProject
Global
	GlobalSection(SolutionConfigurationPlatforms) = preSolution
		Debug|Any CPU = Debug|Any CPU
		Release|Any CPU = Release|Any CPU
	EndGlobalSection
	GlobalSection(ProjectConfigurationPlatforms) = postSolution
		{81ED44BB-40DF-4C0C-A1E8-0D86F69B9321}.Debug|Any CPU.ActiveCfg = Debug|Any CPU
		{81ED44BB-40DF-4C0C-A1E8-0D86F69B9321}.Debug|Any CPU.Build.0 = Debug|Any CPU
		{81ED44BB-40DF-4C0C-A1E8-0D86F69B9321}.Release|Any CPU.ActiveCfg = Release|Any CPU
		{81ED44BB-40DF-4C0C-A1E8-0D86F69B9321}.Release|Any CPU.Build.0 = Release|Any CPU
	EndGlobalSection
	GlobalSection(SolutionProperties) = preSolution
		HideSolutionNode = FALSE
	EndGlobalSection
	GlobalSection(ExtensibilityGlobals) = postSolution
		SolutionGuid = {3265AF58-3D58-4B51-8580-D650EE253821}
	EndGlobalSection
EndGlobal
