
Microsoft Visual Studio Solution File, Format Version 12.00
# Visual Studio Version 16
VisualStudioVersion = 16.0.31424.327
MinimumVisualStudioVersion = 10.0.40219.1
Project("{FAE04EC0-301F-11D3-BF4B-00C04F79EFBC}") = "ExpenseReport", "ExpenseReport.csproj", "{B8399FE3-064B-400E-8D38-D03D3A3338AB}"
EndProject
Global
	GlobalSection(SolutionConfigurationPlatforms) = preSolution
		Debug|Any CPU = Debug|Any CPU
		Release|Any CPU = Release|Any CPU
	EndGlobalSection
	GlobalSection(ProjectConfigurationPlatforms) = postSolution
		{B8399FE3-064B-400E-8D38-D03D3A3338AB}.Debug|Any CPU.ActiveCfg = Debug|Any CPU
		{B8399FE3-064B-400E-8D38-D03D3A3338AB}.Debug|Any CPU.Build.0 = Debug|Any CPU
		{B8399FE3-064B-400E-8D38-D03D3A3338AB}.Release|Any CPU.ActiveCfg = Release|Any CPU
		{B8399FE3-064B-400E-8D38-D03D3A3338AB}.Release|Any CPU.Build.0 = Release|Any CPU
	EndGlobalSection
	GlobalSection(SolutionProperties) = preSolution
		HideSolutionNode = FALSE
	EndGlobalSection
	GlobalSection(ExtensibilityGlobals) = postSolution
		SolutionGuid = {6FC51CC2-47B4-4B85-8BE1-EB2FADE3044D}
	EndGlobalSection
EndGlobal
